
Microsoft Visual Studio Solution File, Format Version 12.00
# Visual Studio 15
VisualStudioVersion = 15.0.28307.1062
MinimumVisualStudioVersion = 10.0.40219.1
Project("{9A19103F-16F7-4668-BE54-9A1E7A4F7556}") = "BankManagement", "BankManagement.csproj", "{A22409E4-613E-4AB7-AC3C-DEC4A305AB9C}"
EndProject
Global
	GlobalSection(SolutionConfigurationPlatforms) = preSolution
		Debug|Any CPU = Debug|Any CPU
		Release|Any CPU = Release|Any CPU
	EndGlobalSection
	GlobalSection(ProjectConfigurationPlatforms) = postSolution
		{A22409E4-613E-4AB7-AC3C-DEC4A305AB9C}.Debug|Any CPU.ActiveCfg = Debug|Any CPU
		{A22409E4-613E-4AB7-AC3C-DEC4A305AB9C}.Debug|Any CPU.Build.0 = Debug|Any CPU
		{A22409E4-613E-4AB7-AC3C-DEC4A305AB9C}.Release|Any CPU.ActiveCfg = Release|Any CPU
		{A22409E4-613E-4AB7-AC3C-DEC4A305AB9C}.Release|Any CPU.Build.0 = Release|Any CPU
	EndGlobalSection
	GlobalSection(SolutionProperties) = preSolution
		HideSolutionNode = FALSE
	EndGlobalSection
	GlobalSection(ExtensibilityGlobals) = postSolution
		SolutionGuid = {18A9A5C2-8662-4863-92CD-C1EC2AAC1A1E}
	EndGlobalSection
EndGlobal
